# This file is automatically @generated by Poetry 1.6.1 and should not be changed by hand.

[[package]]
name = "chardet"
version = "4.0.0"
description = "Universal encoding detector for Python 2 and 3"
optional = false
python-versions = ">=2.7, !=3.0.*, !=3.1.*, !=3.2.*, !=3.3.*, !=3.4.*"
files = [
    {file = "chardet-4.0.0-py2.py3-none-any.whl", hash = "sha256:f864054d66fd9118f2e67044ac8981a54775ec5b67aed0441892edb553d21da5"},
    {file = "chardet-4.0.0.tar.gz", hash = "sha256:0d6f53a15db4120f2b08c94f11e7d93d2c911ee118b6b30a04ec3ee8310179fa"},
]

[[package]]
name = "gensim"
version = "4.3.2"
description = "Python framework for fast Vector Space Modelling"
optional = false
python-versions = ">=3.8"
files = [
    {file = "gensim-4.3.2-cp310-cp310-macosx_10_9_x86_64.whl", hash = "sha256:31b3cb313939b6940ee21660177f6405e71b920da462dbf065b2458a24ab33e1"},
    {file = "gensim-4.3.2-cp310-cp310-macosx_11_0_arm64.whl", hash = "sha256:67c41b15e19e4950f57124f633c45839b5c84268ffa58079c5b0c0f04d2a9cb9"},
    {file = "gensim-4.3.2-cp310-cp310-manylinux_2_17_aarch64.manylinux2014_aarch64.whl", hash = "sha256:a9bf1a8ee2e8214499c517008a0fd175ce5c649954a88569358cfae6bfca42dc"},
    {file = "gensim-4.3.2-cp310-cp310-manylinux_2_17_x86_64.manylinux2014_x86_64.whl", hash = "sha256:5e34ee6f8a318fbf0b65e6d39a985ecf9e9051febfd1221ae6255fff1972c547"},
    {file = "gensim-4.3.2-cp310-cp310-win_amd64.whl", hash = "sha256:c46b7395dc57c83329932f3febed9660891fdcc75327d56f55000e3e08898983"},
    {file = "gensim-4.3.2-cp311-cp311-macosx_10_9_x86_64.whl", hash = "sha256:a919493339cfad39d5e76768c1bc546cd507f715c5fca93165cc174a97657457"},
    {file = "gensim-4.3.2-cp311-cp311-macosx_11_0_arm64.whl", hash = "sha256:8dcd1419266bd563c371d25530f4dce3505fe78059b2c0c08724e4f9e5479b38"},
    {file = "gensim-4.3.2-cp311-cp311-manylinux_2_17_aarch64.manylinux2014_aarch64.whl", hash = "sha256:e3e8035ac3f54dca3a8ca56bec526ddfe5b23006e0134b7375ca5f5dbfaef70a"},
    {file = "gensim-4.3.2-cp311-cp311-manylinux_2_17_x86_64.manylinux2014_x86_64.whl", hash = "sha256:8c3b537c1fd4699c8e6d59c3ffa2fdd9918cd4e5555bf5ee7c1fbedd89b2d643"},
    {file = "gensim-4.3.2-cp311-cp311-win_amd64.whl", hash = "sha256:5a52001226f9e89f7833503f99c9b4fd028fdf837002f24cdc1bc3cf901a4003"},
    {file = "gensim-4.3.2-cp38-cp38-macosx_10_9_x86_64.whl", hash = "sha256:e8d62604efb8281a25254e5a6c14227034c267ed56635e590c9cae2635196dca"},
    {file = "gensim-4.3.2-cp38-cp38-macosx_11_0_arm64.whl", hash = "sha256:bf7a9dc37c2ca465c7834863a7b264369c1373bb474135df225cee654b8adfab"},
    {file = "gensim-4.3.2-cp38-cp38-manylinux_2_17_aarch64.manylinux2014_aarch64.whl", hash = "sha256:6a33ff0d4cf3e50e7ddd7353fb38ed2d4af2e48a6ef58d622809862c30c8b8a2"},
    {file = "gensim-4.3.2-cp38-cp38-manylinux_2_17_x86_64.manylinux2014_x86_64.whl", hash = "sha256:99876be00b73c7cef01f427d241b07eb1c1b298fb411580cc1067d22c43a13be"},
    {file = "gensim-4.3.2-cp38-cp38-win_amd64.whl", hash = "sha256:f785b3caf376a1f2989e0f3c890642e5b1566393fd3831dab03fc6670d672814"},
    {file = "gensim-4.3.2-cp39-cp39-macosx_10_9_x86_64.whl", hash = "sha256:c86915cf0e0b86658a40a070bd7e04db0814065963657e92910303070275865d"},
    {file = "gensim-4.3.2-cp39-cp39-macosx_11_0_arm64.whl", hash = "sha256:548c7bf983e619d6b8d78b6a5321dcbcba5b39f68779a0d36e38a5a971416276"},
    {file = "gensim-4.3.2-cp39-cp39-manylinux_2_17_aarch64.manylinux2014_aarch64.whl", hash = "sha256:226690ea081b92a2289661a25e8a89069ae09b1ed4137b67a0d6ec211e0371d3"},
    {file = "gensim-4.3.2-cp39-cp39-manylinux_2_17_x86_64.manylinux2014_x86_64.whl", hash = "sha256:4715eafcd309c2f7e030829eddba72fe47bbe9bb466811fce3158127d29c8979"},
    {file = "gensim-4.3.2-cp39-cp39-win_amd64.whl", hash = "sha256:b3f26299ac241ff54329a54c37c22eac1bf4c4a337068adf2637259ee0d8484a"},
    {file = "gensim-4.3.2.tar.gz", hash = "sha256:99ac6af6ffd40682e70155ed9f92ecbf4384d59fb50af120d343ea5ee1b308ab"},
]

[package.dependencies]
numpy = ">=1.18.5"
scipy = ">=1.7.0"
smart-open = ">=1.8.1"

[package.extras]
distributed = ["Pyro4 (>=4.27)"]
docs = ["POT", "Pyro4", "Pyro4 (>=4.27)", "annoy", "matplotlib", "memory-profiler", "mock", "nltk", "pandas", "pytest", "pytest-cov", "scikit-learn", "sphinx (==5.1.1)", "sphinx-gallery (==0.11.1)", "sphinxcontrib-napoleon (==0.7)", "sphinxcontrib.programoutput (==0.17)", "statsmodels", "testfixtures", "visdom (>=0.1.8,!=0.1.8.7)"]
test = ["POT", "mock", "pytest", "pytest-cov", "testfixtures", "visdom (>=0.1.8,!=0.1.8.7)"]
test-win = ["POT", "mock", "pytest", "pytest-cov", "testfixtures"]

[[package]]
name = "mecab-python3"
version = "1.0.8"
description = "Python wrapper for the MeCab morphological analyzer for Japanese"
optional = false
python-versions = "*"
files = [
    {file = "mecab-python3-1.0.8.tar.gz", hash = "sha256:70988bab263696456f75d3d8910c75aea477a9d08054ad7ef85be5470dd3f65b"},
    {file = "mecab_python3-1.0.8-cp310-cp310-macosx_10_9_universal2.whl", hash = "sha256:65866d0fa9214afaddca538311d38a6e8dc71d7fa892139eabfaca9866d7d68e"},
    {file = "mecab_python3-1.0.8-cp310-cp310-macosx_10_9_x86_64.whl", hash = "sha256:98a8716d66df9c4689ba99674a8b6bbe9ac189df2c39c75f59592e83af8ab927"},
    {file = "mecab_python3-1.0.8-cp310-cp310-macosx_11_0_arm64.whl", hash = "sha256:6289053be84250efcddcc637d2fb8089b58a74bb2c6fbe09d3c003019e59c41a"},
    {file = "mecab_python3-1.0.8-cp310-cp310-manylinux_2_17_aarch64.manylinux2014_aarch64.whl", hash = "sha256:5cccf6853a4a2f1c39db404917b429040b327326d3f9930b11ba11b1f182efc0"},
    {file = "mecab_python3-1.0.8-cp310-cp310-manylinux_2_17_x86_64.manylinux2014_x86_64.whl", hash = "sha256:a77786f6afaa25f6ecf27634e2db2d1cc7e549a9a2aa9099f929ec14ddd835c1"},
    {file = "mecab_python3-1.0.8-cp310-cp310-win_amd64.whl", hash = "sha256:bac38af07623b01422a58829d3087fc97f76bca529250146309ca64dba90aaa0"},
    {file = "mecab_python3-1.0.8-cp311-cp311-macosx_10_9_universal2.whl", hash = "sha256:3d67b142997a4dbcfcfa27c50d0796d665ba67b8185311a43364840f7f7f87ba"},
    {file = "mecab_python3-1.0.8-cp311-cp311-macosx_10_9_x86_64.whl", hash = "sha256:3384150a96cc723b9b110eb253d363270a2a97071e2511c8c35d3bbb6b5f821d"},
    {file = "mecab_python3-1.0.8-cp311-cp311-macosx_11_0_arm64.whl", hash = "sha256:56652649b3948fffa253a2619f12c7c6b02e484c172770595d430a68dfbb1b9d"},
    {file = "mecab_python3-1.0.8-cp311-cp311-manylinux_2_17_aarch64.manylinux2014_aarch64.whl", hash = "sha256:f538ebdd2381b7ff02f0023154783c6558df284879547628c500bee0db7f300f"},
    {file = "mecab_python3-1.0.8-cp311-cp311-manylinux_2_17_x86_64.manylinux2014_x86_64.whl", hash = "sha256:8df17cb9acf601770c81cd2cde19fdffdce638dbfe14b83c9274358a04a752f6"},
    {file = "mecab_python3-1.0.8-cp311-cp311-win_amd64.whl", hash = "sha256:d6df291b4e05194aebc4aca5d3bf83f5d6cbf0c2fb6fa135835c938c107d7632"},
    {file = "mecab_python3-1.0.8-cp36-cp36m-macosx_10_9_x86_64.whl", hash = "sha256:e0b8490b3c4e4f1434175b76f6599ce1b0144e5982720c9140bb6b2b9f57efa1"},
    {file = "mecab_python3-1.0.8-cp37-cp37m-macosx_10_9_x86_64.whl", hash = "sha256:32edc45b307ece212a9507a229d5fcf3cc2d8a59b6d6c9f322430e72e4a520a5"},
    {file = "mecab_python3-1.0.8-cp37-cp37m-manylinux_2_17_aarch64.manylinux2014_aarch64.whl", hash = "sha256:dd244b414fcc0afaf2a278610d3a5d9b575c50279724b8340c3871c14e619400"},
    {file = "mecab_python3-1.0.8-cp37-cp37m-manylinux_2_17_x86_64.manylinux2014_x86_64.whl", hash = "sha256:2ec8c7a95fd7138019103663d6dd8edb5d48217e8c1a1120ca59400eb704d429"},
    {file = "mecab_python3-1.0.8-cp38-cp38-macosx_10_9_universal2.whl", hash = "sha256:b02f184b5c300d10a7b0a19e9c99684d1b9453709205421008e743347cb4a484"},
    {file = "mecab_python3-1.0.8-cp38-cp38-macosx_10_9_x86_64.whl", hash = "sha256:77f566a0431a8cb15f540f87d44575085d9800e3ad28143ce5085db6dfbdc600"},
    {file = "mecab_python3-1.0.8-cp38-cp38-macosx_11_0_arm64.whl", hash = "sha256:64eb2ad8b3d77fe2c6c745f4f39ba412e7aa4fcc1affa89861064ce30aaf5eeb"},
    {file = "mecab_python3-1.0.8-cp38-cp38-manylinux_2_17_aarch64.manylinux2014_aarch64.whl", hash = "sha256:9fe0c0e106829724c5b9c46c999353280c7924103302ea01b6fdfedc7d644986"},
    {file = "mecab_python3-1.0.8-cp38-cp38-manylinux_2_17_x86_64.manylinux2014_x86_64.whl", hash = "sha256:4a48982540b9113275c2a0154271b685e304092f340de795652d6146e8f7707f"},
    {file = "mecab_python3-1.0.8-cp38-cp38-win_amd64.whl", hash = "sha256:613da4a8e6c5c0a0569950eba445fe336181cee05905b6f26806bdda5b884131"},
    {file = "mecab_python3-1.0.8-cp39-cp39-macosx_10_9_universal2.whl", hash = "sha256:35b5d9f097c00317d99c066f976b4cd690e37428136f37fabd5adcd2b4897b78"},
    {file = "mecab_python3-1.0.8-cp39-cp39-macosx_10_9_x86_64.whl", hash = "sha256:d4c8fc9954101f9b6bf63eb98e2c7b429ef1b78550d70d0d46b840c6ddf8fe15"},
    {file = "mecab_python3-1.0.8-cp39-cp39-macosx_11_0_arm64.whl", hash = "sha256:c55d224fd3a7813683aadb8f72d375195d68f3720b0652c396c1012469b81be9"},
    {file = "mecab_python3-1.0.8-cp39-cp39-manylinux_2_17_aarch64.manylinux2014_aarch64.whl", hash = "sha256:4ccbcb3418f6218a0e8d9e15bb526a5d84ee1b3d014e8543247f3ea64a4c99b8"},
    {file = "mecab_python3-1.0.8-cp39-cp39-manylinux_2_17_x86_64.manylinux2014_x86_64.whl", hash = "sha256:4339373325702856e623e9a06435b47f0adbc1eaed8b0c5437f3e78e67ebc2ef"},
    {file = "mecab_python3-1.0.8-cp39-cp39-win_amd64.whl", hash = "sha256:f55fbf887f750475ea526c0cb62089384882f4217a58de7cf7e65727e025e07d"},
]

[package.extras]
unidic = ["unidic"]
unidic-lite = ["unidic-lite"]

[[package]]
name = "numpy"
version = "1.25.2"
description = "Fundamental package for array computing in Python"
optional = false
python-versions = ">=3.9"
files = [
    {file = "numpy-1.25.2-cp310-cp310-macosx_10_9_x86_64.whl", hash = "sha256:db3ccc4e37a6873045580d413fe79b68e47a681af8db2e046f1dacfa11f86eb3"},
    {file = "numpy-1.25.2-cp310-cp310-macosx_11_0_arm64.whl", hash = "sha256:90319e4f002795ccfc9050110bbbaa16c944b1c37c0baeea43c5fb881693ae1f"},
    {file = "numpy-1.25.2-cp310-cp310-manylinux_2_17_aarch64.manylinux2014_aarch64.whl", hash = "sha256:dfe4a913e29b418d096e696ddd422d8a5d13ffba4ea91f9f60440a3b759b0187"},
    {file = "numpy-1.25.2-cp310-cp310-manylinux_2_17_x86_64.manylinux2014_x86_64.whl", hash = "sha256:f08f2e037bba04e707eebf4bc934f1972a315c883a9e0ebfa8a7756eabf9e357"},
    {file = "numpy-1.25.2-cp310-cp310-musllinux_1_1_x86_64.whl", hash = "sha256:bec1e7213c7cb00d67093247f8c4db156fd03075f49876957dca4711306d39c9"},
    {file = "numpy-1.25.2-cp310-cp310-win32.whl", hash = "sha256:7dc869c0c75988e1c693d0e2d5b26034644399dd929bc049db55395b1379e044"},
    {file = "numpy-1.25.2-cp310-cp310-win_amd64.whl", hash = "sha256:834b386f2b8210dca38c71a6e0f4fd6922f7d3fcff935dbe3a570945acb1b545"},
    {file = "numpy-1.25.2-cp311-cp311-macosx_10_9_x86_64.whl", hash = "sha256:c5462d19336db4560041517dbb7759c21d181a67cb01b36ca109b2ae37d32418"},
    {file = "numpy-1.25.2-cp311-cp311-macosx_11_0_arm64.whl", hash = "sha256:c5652ea24d33585ea39eb6a6a15dac87a1206a692719ff45d53c5282e66d4a8f"},
    {file = "numpy-1.25.2-cp311-cp311-manylinux_2_17_aarch64.manylinux2014_aarch64.whl", hash = "sha256:0d60fbae8e0019865fc4784745814cff1c421df5afee233db6d88ab4f14655a2"},
    {file = "numpy-1.25.2-cp311-cp311-manylinux_2_17_x86_64.manylinux2014_x86_64.whl", hash = "sha256:60e7f0f7f6d0eee8364b9a6304c2845b9c491ac706048c7e8cf47b83123b8dbf"},
    {file = "numpy-1.25.2-cp311-cp311-musllinux_1_1_x86_64.whl", hash = "sha256:bb33d5a1cf360304754913a350edda36d5b8c5331a8237268c48f91253c3a364"},
    {file = "numpy-1.25.2-cp311-cp311-win32.whl", hash = "sha256:5883c06bb92f2e6c8181df7b39971a5fb436288db58b5a1c3967702d4278691d"},
    {file = "numpy-1.25.2-cp311-cp311-win_amd64.whl", hash = "sha256:5c97325a0ba6f9d041feb9390924614b60b99209a71a69c876f71052521d42a4"},
    {file = "numpy-1.25.2-cp39-cp39-macosx_10_9_x86_64.whl", hash = "sha256:b79e513d7aac42ae918db3ad1341a015488530d0bb2a6abcbdd10a3a829ccfd3"},
    {file = "numpy-1.25.2-cp39-cp39-macosx_11_0_arm64.whl", hash = "sha256:eb942bfb6f84df5ce05dbf4b46673ffed0d3da59f13635ea9b926af3deb76926"},
    {file = "numpy-1.25.2-cp39-cp39-manylinux_2_17_aarch64.manylinux2014_aarch64.whl", hash = "sha256:3e0746410e73384e70d286f93abf2520035250aad8c5714240b0492a7302fdca"},
    {file = "numpy-1.25.2-cp39-cp39-manylinux_2_17_x86_64.manylinux2014_x86_64.whl", hash = "sha256:d7806500e4f5bdd04095e849265e55de20d8cc4b661b038957354327f6d9b295"},
    {file = "numpy-1.25.2-cp39-cp39-musllinux_1_1_x86_64.whl", hash = "sha256:8b77775f4b7df768967a7c8b3567e309f617dd5e99aeb886fa14dc1a0791141f"},
    {file = "numpy-1.25.2-cp39-cp39-win32.whl", hash = "sha256:2792d23d62ec51e50ce4d4b7d73de8f67a2fd3ea710dcbc8563a51a03fb07b01"},
    {file = "numpy-1.25.2-cp39-cp39-win_amd64.whl", hash = "sha256:76b4115d42a7dfc5d485d358728cdd8719be33cc5ec6ec08632a5d6fca2ed380"},
    {file = "numpy-1.25.2-pp39-pypy39_pp73-macosx_10_9_x86_64.whl", hash = "sha256:1a1329e26f46230bf77b02cc19e900db9b52f398d6722ca853349a782d4cff55"},
    {file = "numpy-1.25.2-pp39-pypy39_pp73-manylinux_2_17_x86_64.manylinux2014_x86_64.whl", hash = "sha256:4c3abc71e8b6edba80a01a52e66d83c5d14433cbcd26a40c329ec7ed09f37901"},
    {file = "numpy-1.25.2-pp39-pypy39_pp73-win_amd64.whl", hash = "sha256:1b9735c27cea5d995496f46a8b1cd7b408b3f34b6d50459d9ac8fe3a20cc17bf"},
    {file = "numpy-1.25.2.tar.gz", hash = "sha256:fd608e19c8d7c55021dffd43bfe5492fab8cc105cc8986f813f8c3c048b38760"},
]

[[package]]
name = "scipy"
version = "1.11.3"
description = "Fundamental algorithms for scientific computing in Python"
optional = false
python-versions = "<3.13,>=3.9"
files = [
    {file = "scipy-1.11.3-cp310-cp310-macosx_10_9_x86_64.whl", hash = "sha256:370f569c57e1d888304052c18e58f4a927338eafdaef78613c685ca2ea0d1fa0"},
    {file = "scipy-1.11.3-cp310-cp310-macosx_12_0_arm64.whl", hash = "sha256:9885e3e4f13b2bd44aaf2a1a6390a11add9f48d5295f7a592393ceb8991577a3"},
    {file = "scipy-1.11.3-cp310-cp310-manylinux_2_17_aarch64.manylinux2014_aarch64.whl", hash = "sha256:e04aa19acc324a1a076abb4035dabe9b64badb19f76ad9c798bde39d41025cdc"},
    {file = "scipy-1.11.3-cp310-cp310-manylinux_2_17_x86_64.manylinux2014_x86_64.whl", hash = "sha256:3e1a8a4657673bfae1e05e1e1d6e94b0cabe5ed0c7c144c8aa7b7dbb774ce5c1"},
    {file = "scipy-1.11.3-cp310-cp310-musllinux_1_1_x86_64.whl", hash = "sha256:7abda0e62ef00cde826d441485e2e32fe737bdddee3324e35c0e01dee65e2a88"},
    {file = "scipy-1.11.3-cp310-cp310-win_amd64.whl", hash = "sha256:033c3fd95d55012dd1148b201b72ae854d5086d25e7c316ec9850de4fe776929"},
    {file = "scipy-1.11.3-cp311-cp311-macosx_10_9_x86_64.whl", hash = "sha256:925c6f09d0053b1c0f90b2d92d03b261e889b20d1c9b08a3a51f61afc5f58165"},
    {file = "scipy-1.11.3-cp311-cp311-macosx_12_0_arm64.whl", hash = "sha256:5664e364f90be8219283eeb844323ff8cd79d7acbd64e15eb9c46b9bc7f6a42a"},
    {file = "scipy-1.11.3-cp311-cp311-manylinux_2_17_aarch64.manylinux2014_aarch64.whl", hash = "sha256:00f325434b6424952fbb636506f0567898dca7b0f7654d48f1c382ea338ce9a3"},
    {file = "scipy-1.11.3-cp311-cp311-manylinux_2_17_x86_64.manylinux2014_x86_64.whl", hash = "sha256:5f290cf561a4b4edfe8d1001ee4be6da60c1c4ea712985b58bf6bc62badee221"},
    {file = "scipy-1.11.3-cp311-cp311-musllinux_1_1_x86_64.whl", hash = "sha256:91770cb3b1e81ae19463b3c235bf1e0e330767dca9eb4cd73ba3ded6c4151e4d"},
    {file = "scipy-1.11.3-cp311-cp311-win_amd64.whl", hash = "sha256:e1f97cd89c0fe1a0685f8f89d85fa305deb3067d0668151571ba50913e445820"},
    {file = "scipy-1.11.3-cp312-cp312-macosx_10_9_x86_64.whl", hash = "sha256:dfcc1552add7cb7c13fb70efcb2389d0624d571aaf2c80b04117e2755a0c5d15"},
    {file = "scipy-1.11.3-cp312-cp312-macosx_12_0_arm64.whl", hash = "sha256:0d3a136ae1ff0883fffbb1b05b0b2fea251cb1046a5077d0b435a1839b3e52b7"},
    {file = "scipy-1.11.3-cp312-cp312-manylinux_2_17_aarch64.manylinux2014_aarch64.whl", hash = "sha256:bae66a2d7d5768eaa33008fa5a974389f167183c87bf39160d3fefe6664f8ddc"},
    {file = "scipy-1.11.3-cp312-cp312-manylinux_2_17_x86_64.manylinux2014_x86_64.whl", hash = "sha256:d2f6dee6cbb0e263b8142ed587bc93e3ed5e777f1f75448d24fb923d9fd4dce6"},
    {file = "scipy-1.11.3-cp312-cp312-musllinux_1_1_x86_64.whl", hash = "sha256:74e89dc5e00201e71dd94f5f382ab1c6a9f3ff806c7d24e4e90928bb1aafb280"},
    {file = "scipy-1.11.3-cp312-cp312-win_amd64.whl", hash = "sha256:90271dbde4be191522b3903fc97334e3956d7cfb9cce3f0718d0ab4fd7d8bfd6"},
    {file = "scipy-1.11.3-cp39-cp39-macosx_10_9_x86_64.whl", hash = "sha256:a63d1ec9cadecce838467ce0631c17c15c7197ae61e49429434ba01d618caa83"},
    {file = "scipy-1.11.3-cp39-cp39-macosx_12_0_arm64.whl", hash = "sha256:5305792c7110e32ff155aed0df46aa60a60fc6e52cd4ee02cdeb67eaccd5356e"},
    {file = "scipy-1.11.3-cp39-cp39-manylinux_2_17_aarch64.manylinux2014_aarch64.whl", hash = "sha256:9ea7f579182d83d00fed0e5c11a4aa5ffe01460444219dedc448a36adf0c3917"},
    {file = "scipy-1.11.3-cp39-cp39-manylinux_2_17_x86_64.manylinux2014_x86_64.whl", hash = "sha256:c77da50c9a91e23beb63c2a711ef9e9ca9a2060442757dffee34ea41847d8156"},
    {file = "scipy-1.11.3-cp39-cp39-musllinux_1_1_x86_64.whl", hash = "sha256:15f237e890c24aef6891c7d008f9ff7e758c6ef39a2b5df264650eb7900403c0"},
    {file = "scipy-1.11.3-cp39-cp39-win_amd64.whl", hash = "sha256:4b4bb134c7aa457e26cc6ea482b016fef45db71417d55cc6d8f43d799cdf9ef2"},
    {file = "scipy-1.11.3.tar.gz", hash = "sha256:bba4d955f54edd61899776bad459bf7326e14b9fa1c552181f0479cc60a568cd"},
]

[package.dependencies]
numpy = ">=1.21.6,<1.28.0"

[package.extras]
dev = ["click", "cython-lint (>=0.12.2)", "doit (>=0.36.0)", "mypy", "pycodestyle", "pydevtool", "rich-click", "ruff", "types-psutil", "typing_extensions"]
doc = ["jupytext", "matplotlib (>2)", "myst-nb", "numpydoc", "pooch", "pydata-sphinx-theme (==0.9.0)", "sphinx (!=4.1.0)", "sphinx-design (>=0.2.0)"]
test = ["asv", "gmpy2", "mpmath", "pooch", "pytest", "pytest-cov", "pytest-timeout", "pytest-xdist", "scikit-umfpack", "threadpoolctl"]

[[package]]
name = "smart-open"
version = "6.4.0"
description = "Utils for streaming large files (S3, HDFS, GCS, Azure Blob Storage, gzip, bz2...)"
optional = false
python-versions = ">=3.6,<4.0"
files = [
    {file = "smart_open-6.4.0-py3-none-any.whl", hash = "sha256:8d3ef7e6997e8e42dd55c74166ed21e6ac70664caa32dd940b26d54a8f6b4142"},
    {file = "smart_open-6.4.0.tar.gz", hash = "sha256:be3c92c246fbe80ebce8fbacb180494a481a77fcdcb7c1aadb2ea5b9c2bee8b9"},
]

[package.extras]
all = ["azure-common", "azure-core", "azure-storage-blob", "boto3", "google-cloud-storage (>=2.6.0)", "paramiko", "requests"]
azure = ["azure-common", "azure-core", "azure-storage-blob"]
gcs = ["google-cloud-storage (>=2.6.0)"]
http = ["requests"]
s3 = ["boto3"]
ssh = ["paramiko"]
test = ["azure-common", "azure-core", "azure-storage-blob", "boto3", "google-cloud-storage (>=2.6.0)", "moto[server]", "paramiko", "pytest", "pytest-rerunfailures", "requests", "responses"]
webhdfs = ["requests"]

[[package]]
name = "sudachidict-core"
version = "20211220"
description = "Sudachi Dictionary for SudachiPy - Core Edition"
optional = false
python-versions = "*"
files = [
    {file = "SudachiDict-core-20211220.tar.gz", hash = "sha256:3794da698686a224364f148b33b095292e68974cbecf7921ea9aaf69c91d9ec5"},
]

[package.dependencies]
SudachiPy = ">=0.5,<0.7"

[[package]]
name = "sudachipy"
version = "0.6.7"
description = "Python version of Sudachi, the Japanese Morphological Analyzer"
optional = false
python-versions = "*"
files = [
    {file = "SudachiPy-0.6.7-cp310-cp310-macosx_10_12_universal2.whl", hash = "sha256:8f14ae0ffeb5fa90c3c47fd25af0afdcec8cb3714f936c9cd4eb15132336148c"},
    {file = "SudachiPy-0.6.7-cp310-cp310-manylinux_2_17_x86_64.manylinux2014_x86_64.whl", hash = "sha256:3e3f54006158d3112d86502f1ff3ab81f1d80c75d00ffeb853522f919a853063"},
    {file = "SudachiPy-0.6.7-cp310-cp310-win_amd64.whl", hash = "sha256:9fdc7bd9d059821ef84e7600d69b150109ef5b71be0c68dce47616fce5bf8dac"},
    {file = "SudachiPy-0.6.7-cp311-cp311-macosx_10_12_universal2.whl", hash = "sha256:5b7d5882e1450cdfd3235b14e569cde793d878fd018ade2871cb35e6f9f13ea6"},
    {file = "SudachiPy-0.6.7-cp311-cp311-manylinux_2_17_x86_64.manylinux2014_x86_64.whl", hash = "sha256:789d448bc5a3c5e0ed1e4bff505eed1be0fab3bf2e3480edd0b885c58bcd4cff"},
    {file = "SudachiPy-0.6.7-cp311-cp311-win_amd64.whl", hash = "sha256:06e9af5af655bd74fcb793305efe0d46689b4827f295807b332f935abd974d83"},
    {file = "SudachiPy-0.6.7-cp37-cp37m-macosx_10_12_universal2.whl", hash = "sha256:c660fb9dfd65d4d03109dfc5ab6b0e7415c79ed78c59fd456cd30e26ea6c340d"},
    {file = "SudachiPy-0.6.7-cp37-cp37m-manylinux_2_17_x86_64.manylinux2014_x86_64.whl", hash = "sha256:8f1aa21328289206520e62547d3ab8a62e1c6ed370a8b025585b302e1de772bc"},
    {file = "SudachiPy-0.6.7-cp37-cp37m-win_amd64.whl", hash = "sha256:656628cd74b7483f1c10d25dee048983f062404f8cd04dfc3c5e28f987bc5a39"},
    {file = "SudachiPy-0.6.7-cp38-cp38-macosx_10_12_universal2.whl", hash = "sha256:fb1085d372169df8187206dc505710d1a440f87523dbb287c4c639fb3d1eac78"},
    {file = "SudachiPy-0.6.7-cp38-cp38-manylinux_2_17_x86_64.manylinux2014_x86_64.whl", hash = "sha256:b487890c499c927e8c6af2c76bdea3b8602f7c0a9145fe5e25cd9a82cbb96c05"},
    {file = "SudachiPy-0.6.7-cp38-cp38-win_amd64.whl", hash = "sha256:4f60e20cd50a940f3ef57606a09f20ac2ef4262989f545e552eebb18b5484608"},
    {file = "SudachiPy-0.6.7-cp39-cp39-macosx_10_12_universal2.whl", hash = "sha256:2d9ad67c54463eadce8728bf991c18d936b0756eedd3ed7661082aa36e7e5d60"},
    {file = "SudachiPy-0.6.7-cp39-cp39-manylinux_2_17_x86_64.manylinux2014_x86_64.whl", hash = "sha256:d167cb59e044aff1123b534d045c66147ffa76a75196284e188c245af6fed013"},
    {file = "SudachiPy-0.6.7-cp39-cp39-win_amd64.whl", hash = "sha256:4e368e7bfa83885fd9a6ffb0366fe73ce100caa72ab86f69b149091ce813da27"},
    {file = "SudachiPy-0.6.7.tar.gz", hash = "sha256:e4fb026cc367e0dff7d0b8a2fce510e66d5bf7ef4728af76bfe63132b22753cd"},
]

[package.extras]
tests = ["sudachidict-core", "tokenizers"]

[metadata]
lock-version = "2.0"
python-versions = ">=3.9,<3.13"
content-hash = "49ee141dd1b1b79cb11b06faaf8751f9b2a7354f3b4caf284641900cd5fdfc49"
